
Microsoft Visual Studio Solution File, Format Version 12.00
# Visual Studio Version 17
VisualStudioVersion = 17.3.32825.248
MinimumVisualStudioVersion = 10.0.40219.1
Project("{FAE04EC0-301F-11D3-BF4B-00C04F79EFBC}") = "Contacts", "Contacts\Contacts.csproj", "{F34AA5C1-D8F5-44E2-AEF4-8D97A1931DCA}"
EndProject
Global
	GlobalSection(SolutionConfigurationPlatforms) = preSolution
		Debug|Any CPU = Debug|Any CPU
		Release|Any CPU = Release|Any CPU
	EndGlobalSection
	GlobalSection(ProjectConfigurationPlatforms) = postSolution
		{F34AA5C1-D8F5-44E2-AEF4-8D97A1931DCA}.Debug|Any CPU.ActiveCfg = Debug|Any CPU
		{F34AA5C1-D8F5-44E2-AEF4-8D97A1931DCA}.Debug|Any CPU.Build.0 = Debug|Any CPU
		{F34AA5C1-D8F5-44E2-AEF4-8D97A1931DCA}.Release|Any CPU.ActiveCfg = Release|Any CPU
		{F34AA5C1-D8F5-44E2-AEF4-8D97A1931DCA}.Release|Any CPU.Build.0 = Release|Any CPU
	EndGlobalSection
	GlobalSection(SolutionProperties) = preSolution
		HideSolutionNode = FALSE
	EndGlobalSection
	GlobalSection(ExtensibilityGlobals) = postSolution
		SolutionGuid = {77B2ADB9-73A3-42C7-9143-8C5965B7A118}
	EndGlobalSection
EndGlobal
